
Microsoft Visual Studio Solution File, Format Version 12.00
# Visual Studio Version 16
VisualStudioVersion = 16.0.30717.126
MinimumVisualStudioVersion = 10.0.40219.1
Project("{9A19103F-16F7-4668-BE54-9A1E7A4F7556}") = "AoC10", "AoC10\AoC10.csproj", "{984FB13C-C83E-4980-8469-A3FE582A27EB}"
EndProject
Project("{FAE04EC0-301F-11D3-BF4B-00C04F79EFBC}") = "AoC01", "AoC01\AoC01.csproj", "{6372F4BA-FCD7-439A-86E4-9415D61E81B4}"
EndProject
Project("{FAE04EC0-301F-11D3-BF4B-00C04F79EFBC}") = "AoC02", "AoC02\AoC02.csproj", "{A376DE19-CA99-48D6-BE90-472884CB341A}"
EndProject
Project("{FAE04EC0-301F-11D3-BF4B-00C04F79EFBC}") = "AoC03", "AoC03\AoC03.csproj", "{98A813A7-83E0-4F06-815E-825A70EAC431}"
EndProject
Project("{9A19103F-16F7-4668-BE54-9A1E7A4F7556}") = "AoC04", "AoC04\AoC04.csproj", "{10CA1DBF-D382-4C48-A77E-557A2C251FF3}"
EndProject
Project("{9A19103F-16F7-4668-BE54-9A1E7A4F7556}") = "AoC05", "AoC05\AoC05.csproj", "{9C6E94CA-EF1F-4B43-97AB-BAAAF436174A}"
EndProject
Project("{9A19103F-16F7-4668-BE54-9A1E7A4F7556}") = "AoC06", "AoC06\AoC06.csproj", "{6DBF034D-E658-4B56-9F61-7E15B35B6BFC}"
EndProject
Project("{9A19103F-16F7-4668-BE54-9A1E7A4F7556}") = "AoC07", "AoC07\AoC07.csproj", "{881AB0FD-AA87-41C0-9427-8AF6145944AA}"
EndProject
Project("{9A19103F-16F7-4668-BE54-9A1E7A4F7556}") = "AoC08", "AoC08\AoC08.csproj", "{2D512380-02EB-4B0A-B014-8EBF8445BD0A}"
EndProject
Project("{9A19103F-16F7-4668-BE54-9A1E7A4F7556}") = "AoC09", "AoC09\AoC09.csproj", "{ED44F6A0-AEE6-4D66-ABD7-64D786C9AE70}"
EndProject
Project("{FAE04EC0-301F-11D3-BF4B-00C04F79EFBC}") = "AoC11", "AoC11\AoC11.csproj", "{4B7FAB3F-DE76-4153-90E2-A9A493BCDBCE}"
EndProject
Global
	GlobalSection(SolutionConfigurationPlatforms) = preSolution
		Debug|Any CPU = Debug|Any CPU
		Release|Any CPU = Release|Any CPU
	EndGlobalSection
	GlobalSection(ProjectConfigurationPlatforms) = postSolution
		{984FB13C-C83E-4980-8469-A3FE582A27EB}.Debug|Any CPU.ActiveCfg = Debug|Any CPU
		{984FB13C-C83E-4980-8469-A3FE582A27EB}.Debug|Any CPU.Build.0 = Debug|Any CPU
		{984FB13C-C83E-4980-8469-A3FE582A27EB}.Release|Any CPU.ActiveCfg = Release|Any CPU
		{984FB13C-C83E-4980-8469-A3FE582A27EB}.Release|Any CPU.Build.0 = Release|Any CPU
		{6372F4BA-FCD7-439A-86E4-9415D61E81B4}.Debug|Any CPU.ActiveCfg = Debug|Any CPU
		{6372F4BA-FCD7-439A-86E4-9415D61E81B4}.Debug|Any CPU.Build.0 = Debug|Any CPU
		{6372F4BA-FCD7-439A-86E4-9415D61E81B4}.Release|Any CPU.ActiveCfg = Release|Any CPU
		{6372F4BA-FCD7-439A-86E4-9415D61E81B4}.Release|Any CPU.Build.0 = Release|Any CPU
		{A376DE19-CA99-48D6-BE90-472884CB341A}.Debug|Any CPU.ActiveCfg = Debug|Any CPU
		{A376DE19-CA99-48D6-BE90-472884CB341A}.Debug|Any CPU.Build.0 = Debug|Any CPU
		{A376DE19-CA99-48D6-BE90-472884CB341A}.Release|Any CPU.ActiveCfg = Release|Any CPU
		{A376DE19-CA99-48D6-BE90-472884CB341A}.Release|Any CPU.Build.0 = Release|Any CPU
		{98A813A7-83E0-4F06-815E-825A70EAC431}.Debug|Any CPU.ActiveCfg = Debug|Any CPU
		{98A813A7-83E0-4F06-815E-825A70EAC431}.Debug|Any CPU.Build.0 = Debug|Any CPU
		{98A813A7-83E0-4F06-815E-825A70EAC431}.Release|Any CPU.ActiveCfg = Release|Any CPU
		{98A813A7-83E0-4F06-815E-825A70EAC431}.Release|Any CPU.Build.0 = Release|Any CPU
		{10CA1DBF-D382-4C48-A77E-557A2C251FF3}.Debug|Any CPU.ActiveCfg = Debug|Any CPU
		{10CA1DBF-D382-4C48-A77E-557A2C251FF3}.Debug|Any CPU.Build.0 = Debug|Any CPU
		{10CA1DBF-D382-4C48-A77E-557A2C251FF3}.Release|Any CPU.ActiveCfg = Release|Any CPU
		{10CA1DBF-D382-4C48-A77E-557A2C251FF3}.Release|Any CPU.Build.0 = Release|Any CPU
		{9C6E94CA-EF1F-4B43-97AB-BAAAF436174A}.Debug|Any CPU.ActiveCfg = Debug|Any CPU
		{9C6E94CA-EF1F-4B43-97AB-BAAAF436174A}.Debug|Any CPU.Build.0 = Debug|Any CPU
		{9C6E94CA-EF1F-4B43-97AB-BAAAF436174A}.Release|Any CPU.ActiveCfg = Release|Any CPU
		{9C6E94CA-EF1F-4B43-97AB-BAAAF436174A}.Release|Any CPU.Build.0 = Release|Any CPU
		{6DBF034D-E658-4B56-9F61-7E15B35B6BFC}.Debug|Any CPU.ActiveCfg = Debug|Any CPU
		{6DBF034D-E658-4B56-9F61-7E15B35B6BFC}.Debug|Any CPU.Build.0 = Debug|Any CPU
		{6DBF034D-E658-4B56-9F61-7E15B35B6BFC}.Release|Any CPU.ActiveCfg = Release|Any CPU
		{6DBF034D-E658-4B56-9F61-7E15B35B6BFC}.Release|Any CPU.Build.0 = Release|Any CPU
		{881AB0FD-AA87-41C0-9427-8AF6145944AA}.Debug|Any CPU.ActiveCfg = Debug|Any CPU
		{881AB0FD-AA87-41C0-9427-8AF6145944AA}.Debug|Any CPU.Build.0 = Debug|Any CPU
		{881AB0FD-AA87-41C0-9427-8AF6145944AA}.Release|Any CPU.ActiveCfg = Release|Any CPU
		{881AB0FD-AA87-41C0-9427-8AF6145944AA}.Release|Any CPU.Build.0 = Release|Any CPU
		{2D512380-02EB-4B0A-B014-8EBF8445BD0A}.Debug|Any CPU.ActiveCfg = Debug|Any CPU
		{2D512380-02EB-4B0A-B014-8EBF8445BD0A}.Debug|Any CPU.Build.0 = Debug|Any CPU
		{2D512380-02EB-4B0A-B014-8EBF8445BD0A}.Release|Any CPU.ActiveCfg = Release|Any CPU
		{2D512380-02EB-4B0A-B014-8EBF8445BD0A}.Release|Any CPU.Build.0 = Release|Any CPU
		{ED44F6A0-AEE6-4D66-ABD7-64D786C9AE70}.Debug|Any CPU.ActiveCfg = Debug|Any CPU
		{ED44F6A0-AEE6-4D66-ABD7-64D786C9AE70}.Debug|Any CPU.Build.0 = Debug|Any CPU
		{ED44F6A0-AEE6-4D66-ABD7-64D786C9AE70}.Release|Any CPU.ActiveCfg = Release|Any CPU
		{ED44F6A0-AEE6-4D66-ABD7-64D786C9AE70}.Release|Any CPU.Build.0 = Release|Any CPU
		{4B7FAB3F-DE76-4153-90E2-A9A493BCDBCE}.Debug|Any CPU.ActiveCfg = Debug|Any CPU
		{4B7FAB3F-DE76-4153-90E2-A9A493BCDBCE}.Debug|Any CPU.Build.0 = Debug|Any CPU
		{4B7FAB3F-DE76-4153-90E2-A9A493BCDBCE}.Release|Any CPU.ActiveCfg = Release|Any CPU
		{4B7FAB3F-DE76-4153-90E2-A9A493BCDBCE}.Release|Any CPU.Build.0 = Release|Any CPU
	EndGlobalSection
	GlobalSection(SolutionProperties) = preSolution
		HideSolutionNode = FALSE
	EndGlobalSection
	GlobalSection(ExtensibilityGlobals) = postSolution
		SolutionGuid = {9E2D78B6-E981-4D8F-BF2E-851C79D2D89C}
	EndGlobalSection
EndGlobal
